
Microsoft Visual Studio Solution File, Format Version 12.00
# Visual Studio Version 17
VisualStudioVersion = 17.13.35931.197 d17.13
MinimumVisualStudioVersion = 10.0.40219.1
Project("{FAE04EC0-301F-11D3-BF4B-00C04F79EFBC}") = "classe", "classe\classe.csproj", "{6966521F-0B8D-4C8A-8034-8F1657445D7B}"
EndProject
Global
	GlobalSection(SolutionConfigurationPlatforms) = preSolution
		Debug|Any CPU = Debug|Any CPU
		Release|Any CPU = Release|Any CPU
	EndGlobalSection
	GlobalSection(ProjectConfigurationPlatforms) = postSolution
		{6966521F-0B8D-4C8A-8034-8F1657445D7B}.Debug|Any CPU.ActiveCfg = Debug|Any CPU
		{6966521F-0B8D-4C8A-8034-8F1657445D7B}.Debug|Any CPU.Build.0 = Debug|Any CPU
		{6966521F-0B8D-4C8A-8034-8F1657445D7B}.Release|Any CPU.ActiveCfg = Release|Any CPU
		{6966521F-0B8D-4C8A-8034-8F1657445D7B}.Release|Any CPU.Build.0 = Release|Any CPU
	EndGlobalSection
	GlobalSection(SolutionProperties) = preSolution
		HideSolutionNode = FALSE
	EndGlobalSection
	GlobalSection(ExtensibilityGlobals) = postSolution
		SolutionGuid = {ECEFB46B-BBB9-4241-B45B-3BDC558CA71F}
	EndGlobalSection
EndGlobal
